
Microsoft Visual Studio Solution File, Format Version 12.00
# Visual Studio 15
VisualStudioVersion = 15.0.28307.271
MinimumVisualStudioVersion = 10.0.40219.1
Project("{9A19103F-16F7-4668-BE54-9A1E7A4F7556}") = "MyOpenHouse", "MyOpenKouse\MyOpenHouse.csproj", "{FADA796D-9BD6-4695-B504-A250D72AA99F}"
EndProject
Global
	GlobalSection(SolutionConfigurationPlatforms) = preSolution
		Debug|Any CPU = Debug|Any CPU
		Release|Any CPU = Release|Any CPU
	EndGlobalSection
	GlobalSection(ProjectConfigurationPlatforms) = postSolution
		{FADA796D-9BD6-4695-B504-A250D72AA99F}.Debug|Any CPU.ActiveCfg = Debug|Any CPU
		{FADA796D-9BD6-4695-B504-A250D72AA99F}.Debug|Any CPU.Build.0 = Debug|Any CPU
		{FADA796D-9BD6-4695-B504-A250D72AA99F}.Release|Any CPU.ActiveCfg = Release|Any CPU
		{FADA796D-9BD6-4695-B504-A250D72AA99F}.Release|Any CPU.Build.0 = Release|Any CPU
	EndGlobalSection
	GlobalSection(SolutionProperties) = preSolution
		HideSolutionNode = FALSE
	EndGlobalSection
	GlobalSection(ExtensibilityGlobals) = postSolution
		SolutionGuid = {6932F560-B040-48F6-9CED-68D624C3439B}
	EndGlobalSection
EndGlobal
